
Microsoft Visual Studio Solution File, Format Version 12.00
# Visual Studio Version 16
VisualStudioVersion = 16.0.30621.155
MinimumVisualStudioVersion = 10.0.40219.1
Project("{9A19103F-16F7-4668-BE54-9A1E7A4F7556}") = "Hcm.Skill.Infra.Communication", "Hcm.Skill.Communication\Hcm.Skill.Infra.Communication.csproj", "{A9C3BFA2-08EA-4828-8243-06F8FE3CD022}"
EndProject
Project("{9A19103F-16F7-4668-BE54-9A1E7A4F7556}") = "Hcm.Skill.Api", "Hcm.Skill.Api\Hcm.Skill.Api.csproj", "{A23C0474-2673-4D83-A26E-1A933F49911D}"
EndProject
Project("{9A19103F-16F7-4668-BE54-9A1E7A4F7556}") = "Hcm.Skill.Tests", "Hcm.Skill.Tests\Hcm.Skill.Tests.csproj", "{0335B56E-D4EE-46A0-AE6F-100C1FB30AD2}"
EndProject
Project("{9A19103F-16F7-4668-BE54-9A1E7A4F7556}") = "Hcm.Skill.Domain", "Hcm.Skill.Domain\Hcm.Skill.Domain.csproj", "{C6875432-44DB-401A-B8E8-0CB30C9C4FBD}"
EndProject
Global
	GlobalSection(SolutionConfigurationPlatforms) = preSolution
		Debug|Any CPU = Debug|Any CPU
		Release|Any CPU = Release|Any CPU
	EndGlobalSection
	GlobalSection(ProjectConfigurationPlatforms) = postSolution
		{A9C3BFA2-08EA-4828-8243-06F8FE3CD022}.Debug|Any CPU.ActiveCfg = Debug|Any CPU
		{A9C3BFA2-08EA-4828-8243-06F8FE3CD022}.Debug|Any CPU.Build.0 = Debug|Any CPU
		{A9C3BFA2-08EA-4828-8243-06F8FE3CD022}.Release|Any CPU.ActiveCfg = Release|Any CPU
		{A9C3BFA2-08EA-4828-8243-06F8FE3CD022}.Release|Any CPU.Build.0 = Release|Any CPU
		{A23C0474-2673-4D83-A26E-1A933F49911D}.Debug|Any CPU.ActiveCfg = Debug|Any CPU
		{A23C0474-2673-4D83-A26E-1A933F49911D}.Debug|Any CPU.Build.0 = Debug|Any CPU
		{A23C0474-2673-4D83-A26E-1A933F49911D}.Release|Any CPU.ActiveCfg = Release|Any CPU
		{A23C0474-2673-4D83-A26E-1A933F49911D}.Release|Any CPU.Build.0 = Release|Any CPU
		{0335B56E-D4EE-46A0-AE6F-100C1FB30AD2}.Debug|Any CPU.ActiveCfg = Debug|Any CPU
		{0335B56E-D4EE-46A0-AE6F-100C1FB30AD2}.Debug|Any CPU.Build.0 = Debug|Any CPU
		{0335B56E-D4EE-46A0-AE6F-100C1FB30AD2}.Release|Any CPU.ActiveCfg = Release|Any CPU
		{0335B56E-D4EE-46A0-AE6F-100C1FB30AD2}.Release|Any CPU.Build.0 = Release|Any CPU
		{C6875432-44DB-401A-B8E8-0CB30C9C4FBD}.Debug|Any CPU.ActiveCfg = Debug|Any CPU
		{C6875432-44DB-401A-B8E8-0CB30C9C4FBD}.Debug|Any CPU.Build.0 = Debug|Any CPU
		{C6875432-44DB-401A-B8E8-0CB30C9C4FBD}.Release|Any CPU.ActiveCfg = Release|Any CPU
		{C6875432-44DB-401A-B8E8-0CB30C9C4FBD}.Release|Any CPU.Build.0 = Release|Any CPU
	EndGlobalSection
	GlobalSection(SolutionProperties) = preSolution
		HideSolutionNode = FALSE
	EndGlobalSection
	GlobalSection(ExtensibilityGlobals) = postSolution
		SolutionGuid = {B5E7EE12-ABBD-43B5-B5CD-88282770C8A3}
	EndGlobalSection
EndGlobal
